
Microsoft Visual Studio Solution File, Format Version 12.00
# Visual Studio Version 17
VisualStudioVersion = 17.5.33530.505
MinimumVisualStudioVersion = 10.0.40219.1
Project("{FAE04EC0-301F-11D3-BF4B-00C04F79EFBC}") = "ColorPicker", "ColorPicker\ColorPicker.csproj", "{A6C99E6C-D2E5-403C-AA91-B15DFA9A65AA}"
EndProject
Global
	GlobalSection(SolutionConfigurationPlatforms) = preSolution
		Debug|Any CPU = Debug|Any CPU
		Release|Any CPU = Release|Any CPU
	EndGlobalSection
	GlobalSection(ProjectConfigurationPlatforms) = postSolution
		{A6C99E6C-D2E5-403C-AA91-B15DFA9A65AA}.Debug|Any CPU.ActiveCfg = Debug|Any CPU
		{A6C99E6C-D2E5-403C-AA91-B15DFA9A65AA}.Debug|Any CPU.Build.0 = Debug|Any CPU
		{A6C99E6C-D2E5-403C-AA91-B15DFA9A65AA}.Release|Any CPU.ActiveCfg = Release|Any CPU
		{A6C99E6C-D2E5-403C-AA91-B15DFA9A65AA}.Release|Any CPU.Build.0 = Release|Any CPU
	EndGlobalSection
	GlobalSection(SolutionProperties) = preSolution
		HideSolutionNode = FALSE
	EndGlobalSection
	GlobalSection(ExtensibilityGlobals) = postSolution
		SolutionGuid = {E7819CDA-67C1-4EA3-9773-5463B2E96214}
	EndGlobalSection
EndGlobal
